// !$*UTF8*$!
{
	archiveVersion = 1;
	classes = {
	};
	objectVersion = 46;
	objects = {

/* Begin PBXBuildFile section */
		653CC8E21C402443003C9FA4 /* AppDelegate.swift in Sources */ = {isa = PBXBuildFile; fileRef = 653CC8E11C402443003C9FA4 /* AppDelegate.swift */; };
		653CC8E41C402443003C9FA4 /* ViewController.swift in Sources */ = {isa = PBXBuildFile; fileRef = 653CC8E31C402443003C9FA4 /* ViewController.swift */; };
		653CC8E71C402443003C9FA4 /* Main.storyboard in Resources */ = {isa = PBXBuildFile; fileRef = 653CC8E51C402443003C9FA4 /* Main.storyboard */; };
		653CC8E91C402443003C9FA4 /* Assets.xcassets in Resources */ = {isa = PBXBuildFile; fileRef = 653CC8E81C402443003C9FA4 /* Assets.xcassets */; };
		653CC8EC1C402443003C9FA4 /* LaunchScreen.storyboard in Resources */ = {isa = PBXBuildFile; fileRef = 653CC8EA1C402443003C9FA4 /* LaunchScreen.storyboard */; };
		65EA86771C479C4600FF9961 /* Minecraft.ttf in Resources */ = {isa = PBXBuildFile; fileRef = 65EA86761C479C4600FF9961 /* Minecraft.ttf */; };
/* End PBXBuildFile section */

/* Begin PBXFileReference section */
		653CC8DE1C402443003C9FA4 /* retroCalculator.app */ = {isa = PBXFileReference; explicitFileType = wrapper.application; includeInIndex = 0; path = retroCalculator.app; sourceTree = BUILT_PRODUCTS_DIR; };
		653CC8E11C402443003C9FA4 /* AppDelegate.swift */ = {isa = PBXFileReference; lastKnownFileType = sourcecode.swift; path = AppDelegate.swift; sourceTree = "<group>"; };
		653CC8E31C402443003C9FA4 /* ViewController.swift */ = {isa = PBXFileReference; lastKnownFileType = sourcecode.swift; path = ViewController.swift; sourceTree = "<group>"; };
		653CC8E61C402443003C9FA4 /* Base */ = {isa = PBXFileReference; lastKnownFileType = file.storyboard; name = Base; path = Base.lproj/Main.storyboard; sourceTree = "<group>"; };
		653CC8E81C402443003C9FA4 /* Assets.xcassets */ = {isa = PBXFileReference; lastKnownFileType = folder.assetcatalog; path = Assets.xcassets; sourceTree = "<group>"; };
		653CC8EB1C402443003C9FA4 /* Base */ = {isa = PBXFileReference; lastKnownFileType = file.storyboard; name = Base; path = Base.lproj/LaunchScreen.storyboard; sourceTree = "<group>"; };
		653CC8ED1C402443003C9FA4 /* Info.plist */ = {isa = PBXFileReference; lastKnownFileType = text.plist.xml; path = Info.plist; sourceTree = "<group>"; };
		65EA86761C479C4600FF9961 /* Minecraft.ttf */ = {isa = PBXFileReference; lastKnownFileType = file; name = Minecraft.ttf; path = ../Minecraft.ttf; sourceTree = "<group>"; };
/* End PBXFileReference section */

/* Begin PBXFrameworksBuildPhase section */
		653CC8DB1C402443003C9FA4 /* Frameworks */ = {
			isa = PBXFrameworksBuildPhase;
			buildActionMask = 2147483647;
			files = (
			);
			runOnlyForDeploymentPostprocessing = 0;
		};
/* End PBXFrameworksBuildPhase section */

/* Begin PBXGroup section */
		653CC8D51C402443003C9FA4 = {
			isa = PBXGroup;
			children = (
				653CC8E01C402443003C9FA4 /* retroCalculator */,
				653CC8DF1C402443003C9FA4 /* Products */,
			);
			sourceTree = "<group>";
		};
		653CC8DF1C402443003C9FA4 /* Products */ = {
			isa = PBXGroup;
			children = (
				653CC8DE1C402443003C9FA4 /* retroCalculator.app */,
			);
			name = Products;
			sourceTree = "<group>";
		};
		653CC8E01C402443003C9FA4 /* retroCalculator */ = {
			isa = PBXGroup;
			children = (
				65EA86761C479C4600FF9961 /* Minecraft.ttf */,
				653CC8E11C402443003C9FA4 /* AppDelegate.swift */,
				653CC8E31C402443003C9FA4 /* ViewController.swift */,
				653CC8E51C402443003C9FA4 /* Main.storyboard */,
				653CC8E81C402443003C9FA4 /* Assets.xcassets */,
				653CC8EA1C402443003C9FA4 /* LaunchScreen.storyboard */,
				653CC8ED1C402443003C9FA4 /* Info.plist */,
			);
			path = retroCalculator;
			sourceTree = "<group>";
		};
/* End PBXGroup section */

/* Begin PBXNativeTarget section */
		653CC8DD1C402443003C9FA4 /* retroCalculator */ = {
			isa = PBXNativeTarget;
			buildConfigurationList = 653CC8F01C402443003C9FA4 /* Build configuration list for PBXNativeTarget "retroCalculator" */;
			buildPhases = (
				653CC8DA1C402443003C9FA4 /* Sources */,
				653CC8DB1C402443003C9FA4 /* Frameworks */,
				653CC8DC1C402443003C9FA4 /* Resources */,
			);
			buildRules = (
			);
			dependencies = (
			);
			name = retroCalculator;
			productName = retroCalculator;
			productReference = 653CC8DE1C402443003C9FA4 /* retroCalculator.app */;
			productType = "com.apple.product-type.application";
		};
/* End PBXNativeTarget section */

/* Begin PBXProject section */
		653CC8D61C402443003C9FA4 /* Project object */ = {
			isa = PBXProject;
			attributes = {
				LastSwiftUpdateCheck = 0720;
				LastUpgradeCheck = 0720;
				ORGANIZATIONNAME = "Glenn Apps Bro";
				TargetAttributes = {
					653CC8DD1C402443003C9FA4 = {
						CreatedOnToolsVersion = 7.2;
					};
				};
			};
			buildConfigurationList = 653CC8D91C402443003C9FA4 /* Build configuration list for PBXProject "retroCalculator" */;
			compatibilityVersion = "Xcode 3.2";
			developmentRegion = English;
			hasScannedForEncodings = 0;
			knownRegions = (
				en,
				Base,
			);
			mainGroup = 653CC8D51C402443003C9FA4;
			productRefGroup = 653CC8DF1C402443003C9FA4 /* Products */;
			projectDirPath = "";
			projectRoot = "";
			targets = (
				653CC8DD1C402443003C9FA4 /* retroCalculator */,
			);
		};
/* End PBXProject section */

/* Begin PBXResourcesBuildPhase section */
		653CC8DC1C402443003C9FA4 /* Resources */ = {
			isa = PBXResourcesBuildPhase;
			buildActionMask = 2147483647;
			files = (
				653CC8EC1C402443003C9FA4 /* LaunchScreen.storyboard in Resources */,
				653CC8E91C402443003C9FA4 /* Assets.xcassets in Resources */,
				65EA86771C479C4600FF9961 /* Minecraft.ttf in Resources */,
				653CC8E71C402443003C9FA4 /* Main.storyboard in Resources */,
			);
			runOnlyForDeploymentPostprocessing = 0;
		};
/* End PBXResourcesBuildPhase section */

/* Begin PBXSourcesBuildPhase section */
		653CC8DA1C402443003C9FA4 /* Sources */ = {
			isa = PBXSourcesBuildPhase;
			buildActionMask = 2147483647;
			files = (
				653CC8E41C402443003C9FA4 /* ViewController.swift in Sources */,
				653CC8E21C402443003C9FA4 /* AppDelegate.swift in Sources */,
			);
			runOnlyForDeploymentPostprocessing = 0;
		};
/* End PBXSourcesBuildPhase section */

/* Begin PBXVariantGroup section */
		653CC8E51C402443003C9FA4 /* Main.storyboard */ = {
			isa = PBXVariantGroup;
			children = (
				653CC8E61C402443003C9FA4 /* Base */,
			);
			name = Main.storyboard;
			sourceTree = "<group>";
		};
		653CC8EA1C402443003C9FA4 /* LaunchScreen.storyboard */ = {
			isa = PBXVariantGroup;
			children = (
				653CC8EB1C402443003C9FA4 /* Base */,
			);
			name = LaunchScreen.storyboard;
			sourceTree = "<group>";
		};
/* End PBXVariantGroup section */

/* Begin XCBuildConfiguration section */
		653CC8EE1C402443003C9FA4 /* Debug */ = {
			isa = XCBuildConfiguration;
			buildSettings = {
				ALWAYS_SEARCH_USER_PATHS = NO;
				CLANG_CXX_LANGUAGE_STANDARD = "gnu++0x";
				CLANG_CXX_LIBRARY = "libc++";
				CLANG_ENABLE_MODULES = YES;
				CLANG_ENABLE_OBJC_ARC = YES;
				CLANG_WARN_BOOL_CONVERSION = YES;
				CLANG_WARN_CONSTANT_CONVERSION = YES;
				CLANG_WARN_DIRECT_OBJC_ISA_USAGE = YES_ERROR;
				CLANG_WARN_EMPTY_BODY = YES;
				CLANG_WARN_ENUM_CONVERSION = YES;
				CLANG_WARN_INT_CONVERSION = YES;
				CLANG_WARN_OBJC_ROOT_CLASS = YES_ERROR;
				CLANG_WARN_UNREACHABLE_CODE = YES;
				CLANG_WARN__DUPLICATE_METHOD_MATCH = YES;
				"CODE_SIGN_IDENTITY[sdk=iphoneos*]" = "iPhone Developer";
				COPY_PHASE_STRIP = NO;
				DEBUG_INFORMATION_FORMAT = dwarf;
				ENABLE_STRICT_OBJC_MSGSEND = YES;
				ENABLE_TESTABILITY = YES;
				GCC_C_LANGUAGE_STANDARD = gnu99;
				GCC_DYNAMIC_NO_PIC = NO;
				GCC_NO_COMMON_BLOCKS = YES;
				GCC_OPTIMIZATION_LEVEL = 0;
				GCC_PREPROCESSOR_DEFINITIONS = (
					"DEBUG=1",
					"$(inherited)",
				);
				GCC_WARN_64_TO_32_BIT_CONVERSION = YES;
				GCC_WARN_ABOUT_RETURN_TYPE = YES_ERROR;
				GCC_WARN_UNDECLARED_SELECTOR = YES;
				GCC_WARN_UNINITIALIZED_AUTOS = YES_AGGRESSIVE;
				GCC_WARN_UNUSED_FUNCTION = YES;
				GCC_WARN_UNUSED_VARIABLE = YES;
				IPHONEOS_DEPLOYMENT_TARGET = 9.2;
				MTL_ENABLE_DEBUG_INFO = YES;
				ONLY_ACTIVE_ARCH = YES;
				SDKROOT = iphoneos;
				SWIFT_OPTIMIZATION_LEVEL = "-Onone";
			};
			name = Debug;
		};
		653CC8EF1C402443003C9FA4 /* Release */ = {
			isa = XCBuildConfiguration;
			buildSettings = {
				ALWAYS_SEARCH_USER_PATHS = NO;
				CLANG_CXX_LANGUAGE_STANDARD = "gnu++0x";
				CLANG_CXX_LIBRARY = "libc++";
				CLANG_ENABLE_MODULES = YES;
				CLANG_ENABLE_OBJC_ARC = YES;
				CLANG_WARN_BOOL_CONVERSION = YES;
				CLANG_WARN_CONSTANT_CONVERSION = YES;
				CLANG_WARN_DIRECT_OBJC_ISA_USAGE = YES_ERROR;
				CLANG_WARN_EMPTY_BODY = YES;
				CLANG_WARN_ENUM_CONVERSION = YES;
				CLANG_WARN_INT_CONVERSION = YES;
				CLANG_WARN_OBJC_ROOT_CLASS = YES_ERROR;
				CLANG_WARN_UNREACHABLE_CODE = YES;
				CLANG_WARN__DUPLICATE_METHOD_MATCH = YES;
				"CODE_SIGN_IDENTITY[sdk=iphoneos*]" = "iPhone Developer";
				COPY_PHASE_STRIP = NO;
				DEBUG_INFORMATION_FORMAT = "dwarf-with-dsym";
				ENABLE_NS_ASSERTIONS = NO;
				ENABLE_STRICT_OBJC_MSGSEND = YES;
				GCC_C_LANGUAGE_STANDARD = gnu99;
				GCC_NO_COMMON_BLOCKS = YES;
				GCC_WARN_64_TO_32_BIT_CONVERSION = YES;
				GCC_WARN_ABOUT_RETURN_TYPE = YES_ERROR;
				GCC_WARN_UNDECLARED_SELECTOR = YES;
				GCC_WARN_UNINITIALIZED_AUTOS = YES_AGGRESSIVE;
				GCC_WARN_UNUSED_FUNCTION = YES;
				GCC_WARN_UNUSED_VARIABLE = YES;
				IPHONEOS_DEPLOYMENT_TARGET = 9.2;
				MTL_ENABLE_DEBUG_INFO = NO;
				SDKROOT = iphoneos;
				VALIDATE_PRODUCT = YES;
			};
			name = Release;
		};
		653CC8F11C402443003C9FA4 /* Debug */ = {
			isa = XCBuildConfiguration;
			buildSettings = {
				ASSETCATALOG_COMPILER_APPICON_NAME = AppIcon;
				INFOPLIST_FILE = retroCalculator/Info.plist;
				LD_RUNPATH_SEARCH_PATHS = "$(inherited) @executable_path/Frameworks";
				PRODUCT_BUNDLE_IDENTIFIER = com.GlennAppsBro.retroCalculator;
				PRODUCT_NAME = "$(TARGET_NAME)";
			};
			name = Debug;
		};
		653CC8F21C402443003C9FA4 /* Release */ = {
			isa = XCBuildConfiguration;
			buildSettings = {
				ASSETCATALOG_COMPILER_APPICON_NAME = AppIcon;
				INFOPLIST_FILE = retroCalculator/Info.plist;
				LD_RUNPATH_SEARCH_PATHS = "$(inherited) @executable_path/Frameworks";
				PRODUCT_BUNDLE_IDENTIFIER = com.GlennAppsBro.retroCalculator;
				PRODUCT_NAME = "$(TARGET_NAME)";
			};
			name = Release;
		};
/* End XCBuildConfiguration section */

/* Begin XCConfigurationList section */
		653CC8D91C402443003C9FA4 /* Build configuration list for PBXProject "retroCalculator" */ = {
			isa = XCConfigurationList;
			buildConfigurations = (
				653CC8EE1C402443003C9FA4 /* Debug */,
				653CC8EF1C402443003C9FA4 /* Release */,
			);
			defaultConfigurationIsVisible = 0;
			defaultConfigurationName = Release;
		};
		653CC8F01C402443003C9FA4 /* Build configuration list for PBXNativeTarget "retroCalculator" */ = {
			isa = XCConfigurationList;
			buildConfigurations = (
				653CC8F11C402443003C9FA4 /* Debug */,
				653CC8F21C402443003C9FA4 /* Release */,
			);
			defaultConfigurationIsVisible = 0;
			defaultConfigurationName = Release;
		};
/* End XCConfigurationList section */
	};
	rootObject = 653CC8D61C402443003C9FA4 /* Project object */;
}
